
Microsoft Visual Studio Solution File, Format Version 12.00
Project("{FAE04EC0-301F-11D3-BF4B-00C04F79EFBC}") = "LightRail", "LightRail\LightRail.csproj", "{B795E2BD-C639-4400-A102-87333428E163}"
EndProject
Project("{FAE04EC0-301F-11D3-BF4B-00C04F79EFBC}") = "LightRail.Wsdl", "LightRail.Wsdl\LightRail.Wsdl.csproj", "{A59AB531-81F9-4B44-A302-570B6DB2279D}"
EndProject
Project("{FAE04EC0-301F-11D3-BF4B-00C04F79EFBC}") = "LightRail.WsdlTests", "LightRail.WsdlTests\LightRail.WsdlTests.csproj", "{79ABD4A7-CEFE-463D-A6E5-8B7C16CF6ADE}"
EndProject
Project("{FAE04EC0-301F-11D3-BF4B-00C04F79EFBC}") = "LightRail.Soap", "LightRail.Soap\LightRail.Soap.csproj", "{7C529DB7-0BC9-49F7-9996-A28F34E2638D}"
EndProject
Project("{FAE04EC0-301F-11D3-BF4B-00C04F79EFBC}") = "LightRail.SoapTests", "LightRail.SoapTests\LightRail.SoapTests.csproj", "{14CBFD2E-C93E-4337-9B73-E65F3296D97E}"
EndProject
Project("{FAE04EC0-301F-11D3-BF4B-00C04F79EFBC}") = "LightRail.Soap.PerformanceTests", "LightRail.Soap.PerformanceTests\LightRail.Soap.PerformanceTests.csproj", "{D1DC74D4-F517-4CD7-9357-031B15E1F6B6}"
EndProject
Project("{FAE04EC0-301F-11D3-BF4B-00C04F79EFBC}") = "LightRail.WcfClient", "LightRail.WcfClient\LightRail.WcfClient.csproj", "{96586260-C130-4ED3-9452-D02BFF014F81}"
EndProject
Project("{FAE04EC0-301F-11D3-BF4B-00C04F79EFBC}") = "LightRail.PerformanceTests", "LightRail.PerformanceTests\LightRail.PerformanceTests.csproj", "{9CB02ACF-5142-4AE3-984F-DB33966AB5D4}"
EndProject
Project("{FAE04EC0-301F-11D3-BF4B-00C04F79EFBC}") = "LightRail.Soap.Contracts", "LightRail.Soap.Contracts\LightRail.Soap.Contracts.csproj", "{556F5F18-8B60-4434-85F5-A5C00922FE91}"
EndProject
Project("{FAE04EC0-301F-11D3-BF4B-00C04F79EFBC}") = "LightRail.ConsoleApp", "LightRail.ConsoleApp\LightRail.ConsoleApp.csproj", "{97ADE65C-B5A7-4900-8BD9-405D44F0BAE3}"
EndProject
Global
	GlobalSection(SolutionConfigurationPlatforms) = preSolution
		Debug|Any CPU = Debug|Any CPU
		Release|Any CPU = Release|Any CPU
	EndGlobalSection
	GlobalSection(ProjectConfigurationPlatforms) = postSolution
		{B795E2BD-C639-4400-A102-87333428E163}.Debug|Any CPU.ActiveCfg = Debug|Any CPU
		{B795E2BD-C639-4400-A102-87333428E163}.Debug|Any CPU.Build.0 = Debug|Any CPU
		{B795E2BD-C639-4400-A102-87333428E163}.Release|Any CPU.ActiveCfg = Release|Any CPU
		{B795E2BD-C639-4400-A102-87333428E163}.Release|Any CPU.Build.0 = Release|Any CPU
		{A59AB531-81F9-4B44-A302-570B6DB2279D}.Debug|Any CPU.ActiveCfg = Debug|Any CPU
		{A59AB531-81F9-4B44-A302-570B6DB2279D}.Debug|Any CPU.Build.0 = Debug|Any CPU
		{A59AB531-81F9-4B44-A302-570B6DB2279D}.Release|Any CPU.ActiveCfg = Release|Any CPU
		{A59AB531-81F9-4B44-A302-570B6DB2279D}.Release|Any CPU.Build.0 = Release|Any CPU
		{79ABD4A7-CEFE-463D-A6E5-8B7C16CF6ADE}.Debug|Any CPU.ActiveCfg = Debug|Any CPU
		{79ABD4A7-CEFE-463D-A6E5-8B7C16CF6ADE}.Debug|Any CPU.Build.0 = Debug|Any CPU
		{79ABD4A7-CEFE-463D-A6E5-8B7C16CF6ADE}.Release|Any CPU.ActiveCfg = Release|Any CPU
		{79ABD4A7-CEFE-463D-A6E5-8B7C16CF6ADE}.Release|Any CPU.Build.0 = Release|Any CPU
		{7C529DB7-0BC9-49F7-9996-A28F34E2638D}.Debug|Any CPU.ActiveCfg = Debug|Any CPU
		{7C529DB7-0BC9-49F7-9996-A28F34E2638D}.Debug|Any CPU.Build.0 = Debug|Any CPU
		{7C529DB7-0BC9-49F7-9996-A28F34E2638D}.Release|Any CPU.ActiveCfg = Release|Any CPU
		{7C529DB7-0BC9-49F7-9996-A28F34E2638D}.Release|Any CPU.Build.0 = Release|Any CPU
		{14CBFD2E-C93E-4337-9B73-E65F3296D97E}.Debug|Any CPU.ActiveCfg = Debug|Any CPU
		{14CBFD2E-C93E-4337-9B73-E65F3296D97E}.Debug|Any CPU.Build.0 = Debug|Any CPU
		{14CBFD2E-C93E-4337-9B73-E65F3296D97E}.Release|Any CPU.ActiveCfg = Release|Any CPU
		{14CBFD2E-C93E-4337-9B73-E65F3296D97E}.Release|Any CPU.Build.0 = Release|Any CPU
		{D1DC74D4-F517-4CD7-9357-031B15E1F6B6}.Debug|Any CPU.ActiveCfg = Debug|Any CPU
		{D1DC74D4-F517-4CD7-9357-031B15E1F6B6}.Debug|Any CPU.Build.0 = Debug|Any CPU
		{D1DC74D4-F517-4CD7-9357-031B15E1F6B6}.Release|Any CPU.ActiveCfg = Release|Any CPU
		{D1DC74D4-F517-4CD7-9357-031B15E1F6B6}.Release|Any CPU.Build.0 = Release|Any CPU
		{96586260-C130-4ED3-9452-D02BFF014F81}.Debug|Any CPU.ActiveCfg = Debug|Any CPU
		{96586260-C130-4ED3-9452-D02BFF014F81}.Debug|Any CPU.Build.0 = Debug|Any CPU
		{96586260-C130-4ED3-9452-D02BFF014F81}.Release|Any CPU.ActiveCfg = Release|Any CPU
		{96586260-C130-4ED3-9452-D02BFF014F81}.Release|Any CPU.Build.0 = Release|Any CPU
		{9CB02ACF-5142-4AE3-984F-DB33966AB5D4}.Debug|Any CPU.ActiveCfg = Debug|Any CPU
		{9CB02ACF-5142-4AE3-984F-DB33966AB5D4}.Debug|Any CPU.Build.0 = Debug|Any CPU
		{9CB02ACF-5142-4AE3-984F-DB33966AB5D4}.Release|Any CPU.ActiveCfg = Release|Any CPU
		{9CB02ACF-5142-4AE3-984F-DB33966AB5D4}.Release|Any CPU.Build.0 = Release|Any CPU
		{556F5F18-8B60-4434-85F5-A5C00922FE91}.Debug|Any CPU.ActiveCfg = Debug|Any CPU
		{556F5F18-8B60-4434-85F5-A5C00922FE91}.Debug|Any CPU.Build.0 = Debug|Any CPU
		{556F5F18-8B60-4434-85F5-A5C00922FE91}.Release|Any CPU.ActiveCfg = Release|Any CPU
		{556F5F18-8B60-4434-85F5-A5C00922FE91}.Release|Any CPU.Build.0 = Release|Any CPU
		{97ADE65C-B5A7-4900-8BD9-405D44F0BAE3}.Debug|Any CPU.ActiveCfg = Debug|Any CPU
		{97ADE65C-B5A7-4900-8BD9-405D44F0BAE3}.Debug|Any CPU.Build.0 = Debug|Any CPU
		{97ADE65C-B5A7-4900-8BD9-405D44F0BAE3}.Release|Any CPU.ActiveCfg = Release|Any CPU
		{97ADE65C-B5A7-4900-8BD9-405D44F0BAE3}.Release|Any CPU.Build.0 = Release|Any CPU
	EndGlobalSection
EndGlobal
